
Microsoft Visual Studio Solution File, Format Version 12.00
# Visual Studio Version 17
VisualStudioVersion = 17.8.34511.84
MinimumVisualStudioVersion = 10.0.40219.1
Project("{9A19103F-16F7-4668-BE54-9A1E7A4F7556}") = "WeMail", "WeMail.csproj", "{C38C9518-94CA-49F9-8AAD-5B39FA1B7494}"
EndProject
Project("{2150E333-8FDC-42A3-9474-1A3956D46DE8}") = "App", "App", "{457931F6-4EEF-4317-974B-26087D2E3C96}"
EndProject
Project("{9A19103F-16F7-4668-BE54-9A1E7A4F7556}") = "MyToDo.Api", "..\MyToDo.Api\MyToDo.Api.csproj", "{33491658-1F2C-4C19-B58D-086D1859A712}"
EndProject
Project("{9A19103F-16F7-4668-BE54-9A1E7A4F7556}") = "MyToDo.Shared", "..\MyToDo.Shared\MyToDo.Shared.csproj", "{9A07C0A2-C227-4EFF-92B2-B7F0C5604612}"
EndProject
Global
	GlobalSection(SolutionConfigurationPlatforms) = preSolution
		Debug|Any CPU = Debug|Any CPU
		Release|Any CPU = Release|Any CPU
	EndGlobalSection
	GlobalSection(ProjectConfigurationPlatforms) = postSolution
		{C38C9518-94CA-49F9-8AAD-5B39FA1B7494}.Debug|Any CPU.ActiveCfg = Debug|Any CPU
		{C38C9518-94CA-49F9-8AAD-5B39FA1B7494}.Debug|Any CPU.Build.0 = Debug|Any CPU
		{C38C9518-94CA-49F9-8AAD-5B39FA1B7494}.Release|Any CPU.ActiveCfg = Release|Any CPU
		{C38C9518-94CA-49F9-8AAD-5B39FA1B7494}.Release|Any CPU.Build.0 = Release|Any CPU
		{33491658-1F2C-4C19-B58D-086D1859A712}.Debug|Any CPU.ActiveCfg = Debug|Any CPU
		{33491658-1F2C-4C19-B58D-086D1859A712}.Debug|Any CPU.Build.0 = Debug|Any CPU
		{33491658-1F2C-4C19-B58D-086D1859A712}.Release|Any CPU.ActiveCfg = Release|Any CPU
		{33491658-1F2C-4C19-B58D-086D1859A712}.Release|Any CPU.Build.0 = Release|Any CPU
		{9A07C0A2-C227-4EFF-92B2-B7F0C5604612}.Debug|Any CPU.ActiveCfg = Debug|Any CPU
		{9A07C0A2-C227-4EFF-92B2-B7F0C5604612}.Debug|Any CPU.Build.0 = Debug|Any CPU
		{9A07C0A2-C227-4EFF-92B2-B7F0C5604612}.Release|Any CPU.ActiveCfg = Release|Any CPU
		{9A07C0A2-C227-4EFF-92B2-B7F0C5604612}.Release|Any CPU.Build.0 = Release|Any CPU
	EndGlobalSection
	GlobalSection(SolutionProperties) = preSolution
		HideSolutionNode = FALSE
	EndGlobalSection
	GlobalSection(ExtensibilityGlobals) = postSolution
		SolutionGuid = {FBD34784-9337-4E96-A6D0-3865C8EFCE5B}
	EndGlobalSection
EndGlobal
